Microsoft Visual Studio Solution File, Format Version 12.00
# Visual Studio Version 17
VisualStudioVersion = 17.5.2.0
MinimumVisualStudioVersion = 10.0.40219.1
Project("{FAE04EC0-301F-11D3-BF4B-00C04F79EFBC}") = "HWFirst", "HWFirst.csproj", "{AD7D9F67-F31A-E055-3E3B-C42E5749A482}"
EndProject
Global
	GlobalSection(SolutionConfigurationPlatforms) = preSolution
		Debug|Any CPU = Debug|Any CPU
		Release|Any CPU = Release|Any CPU
	EndGlobalSection
	GlobalSection(ProjectConfigurationPlatforms) = postSolution
		{AD7D9F67-F31A-E055-3E3B-C42E5749A482}.Debug|Any CPU.ActiveCfg = Debug|Any CPU
		{AD7D9F67-F31A-E055-3E3B-C42E5749A482}.Debug|Any CPU.Build.0 = Debug|Any CPU
		{AD7D9F67-F31A-E055-3E3B-C42E5749A482}.Release|Any CPU.ActiveCfg = Release|Any CPU
		{AD7D9F67-F31A-E055-3E3B-C42E5749A482}.Release|Any CPU.Build.0 = Release|Any CPU
	EndGlobalSection
	GlobalSection(SolutionProperties) = preSolution
		HideSolutionNode = FALSE
	EndGlobalSection
	GlobalSection(ExtensibilityGlobals) = postSolution
		SolutionGuid = {8C99907B-5B59-43E4-9B93-11A154674E57}
	EndGlobalSection
EndGlobal
